
Microsoft Visual Studio Solution File, Format Version 12.00
# Visual Studio 14
VisualStudioVersion = 14.0.25420.1
MinimumVisualStudioVersion = 10.0.40219.1
Project("{FAE04EC0-301F-11D3-BF4B-00C04F79EFBC}") = "ElemGraphAlgo", "ElemGraphAlgo\ElemGraphAlgo.csproj", "{85ED2011-24CF-4B46-A604-774640CFBC43}"
EndProject
Project("{FAE04EC0-301F-11D3-BF4B-00C04F79EFBC}") = "BreadFirstSearchDemonstration", "BreadFirstSearchDemonstration\BreadFirstSearchDemonstration.csproj", "{84603346-6D3B-4893-AA06-1398D4D86809}"
EndProject
Project("{FAE04EC0-301F-11D3-BF4B-00C04F79EFBC}") = "GraphColoringDemonstration", "GraphColoringDemonstration\GraphColoringDemonstration.csproj", "{BAEDA2B1-6D86-4CD8-8B3D-6D8C85E9394A}"
EndProject
Global
	GlobalSection(SolutionConfigurationPlatforms) = preSolution
		Debug|Any CPU = Debug|Any CPU
		Release|Any CPU = Release|Any CPU
	EndGlobalSection
	GlobalSection(ProjectConfigurationPlatforms) = postSolution
		{85ED2011-24CF-4B46-A604-774640CFBC43}.Debug|Any CPU.ActiveCfg = Debug|Any CPU
		{85ED2011-24CF-4B46-A604-774640CFBC43}.Debug|Any CPU.Build.0 = Debug|Any CPU
		{85ED2011-24CF-4B46-A604-774640CFBC43}.Release|Any CPU.ActiveCfg = Release|Any CPU
		{85ED2011-24CF-4B46-A604-774640CFBC43}.Release|Any CPU.Build.0 = Release|Any CPU
		{84603346-6D3B-4893-AA06-1398D4D86809}.Debug|Any CPU.ActiveCfg = Debug|Any CPU
		{84603346-6D3B-4893-AA06-1398D4D86809}.Debug|Any CPU.Build.0 = Debug|Any CPU
		{84603346-6D3B-4893-AA06-1398D4D86809}.Release|Any CPU.ActiveCfg = Release|Any CPU
		{84603346-6D3B-4893-AA06-1398D4D86809}.Release|Any CPU.Build.0 = Release|Any CPU
		{BAEDA2B1-6D86-4CD8-8B3D-6D8C85E9394A}.Debug|Any CPU.ActiveCfg = Debug|Any CPU
		{BAEDA2B1-6D86-4CD8-8B3D-6D8C85E9394A}.Debug|Any CPU.Build.0 = Debug|Any CPU
		{BAEDA2B1-6D86-4CD8-8B3D-6D8C85E9394A}.Release|Any CPU.ActiveCfg = Release|Any CPU
		{BAEDA2B1-6D86-4CD8-8B3D-6D8C85E9394A}.Release|Any CPU.Build.0 = Release|Any CPU
	EndGlobalSection
	GlobalSection(SolutionProperties) = preSolution
		HideSolutionNode = FALSE
	EndGlobalSection
EndGlobal
